// !$*UTF8*$!
{
	archiveVersion = 1;
	classes = {
	};
	objectVersion = 46;
	objects = {

/* Begin PBXBuildFile section */
		095A908FD009BF9EC6BAC7A9 /* libPods-KYAsyncLoadBubbleDemo.a in Frameworks */ = {isa = PBXBuildFile; fileRef = AF0021C84C2004B3DEE54991 /* libPods-KYAsyncLoadBubbleDemo.a */; };
		5F405E661B4430E100D3176B /* main.m in Sources */ = {isa = PBXBuildFile; fileRef = 5F405E651B4430E100D3176B /* main.m */; };
		5F405E691B4430E100D3176B /* AppDelegate.m in Sources */ = {isa = PBXBuildFile; fileRef = 5F405E681B4430E100D3176B /* AppDelegate.m */; };
		5F405E6C1B4430E100D3176B /* ViewController.m in Sources */ = {isa = PBXBuildFile; fileRef = 5F405E6B1B4430E100D3176B /* ViewController.m */; };
		5F405E6F1B4430E100D3176B /* Main.storyboard in Resources */ = {isa = PBXBuildFile; fileRef = 5F405E6D1B4430E100D3176B /* Main.storyboard */; };
		5F405E711B4430E100D3176B /* Images.xcassets in Resources */ = {isa = PBXBuildFile; fileRef = 5F405E701B4430E100D3176B /* Images.xcassets */; };
		5F405E741B4430E100D3176B /* LaunchScreen.xib in Resources */ = {isa = PBXBuildFile; fileRef = 5F405E721B4430E100D3176B /* LaunchScreen.xib */; };
		5F405E801B4430E100D3176B /* KYAsyncLoadBubbleDemoTests.m in Sources */ = {isa = PBXBuildFile; fileRef = 5F405E7F1B4430E100D3176B /* KYAsyncLoadBubbleDemoTests.m */; };
		5F405E8B1B44341300D3176B /* KYAsyncLoadBubble.m in Sources */ = {isa = PBXBuildFile; fileRef = 5F405E8A1B44341300D3176B /* KYAsyncLoadBubble.m */; };
		5FB874111B47EF74008A3940 /* WaveLayer.m in Sources */ = {isa = PBXBuildFile; fileRef = 5FB874101B47EF74008A3940 /* WaveLayer.m */; };
		5FB874181B480812008A3940 /* PulsingHaloLayer.m in Sources */ = {isa = PBXBuildFile; fileRef = 5FB874171B480812008A3940 /* PulsingHaloLayer.m */; };
		5FB8741C1B483B82008A3940 /* MultiplePulsingHaloLayer.m in Sources */ = {isa = PBXBuildFile; fileRef = 5FB8741B1B483B82008A3940 /* MultiplePulsingHaloLayer.m */; };
		5FB8741F1B48F7F1008A3940 /* MCFireworksView.m in Sources */ = {isa = PBXBuildFile; fileRef = 5FB8741E1B48F7F1008A3940 /* MCFireworksView.m */; };
		5FB874261B4921AB008A3940 /* KYBubbleInteractiveTransition.m in Sources */ = {isa = PBXBuildFile; fileRef = 5FB874231B4921AB008A3940 /* KYBubbleInteractiveTransition.m */; };
		5FB874271B4921AB008A3940 /* KYBubbleTransition.m in Sources */ = {isa = PBXBuildFile; fileRef = 5FB874251B4921AB008A3940 /* KYBubbleTransition.m */; };
		5FB8742A1B49279B008A3940 /* WebViewController.m in Sources */ = {isa = PBXBuildFile; fileRef = 5FB874291B49279B008A3940 /* WebViewController.m */; };
/* End PBXBuildFile section */

/* Begin PBXContainerItemProxy section */
		5F405E7A1B4430E100D3176B /* PBXContainerItemProxy */ = {
			isa = PBXContainerItemProxy;
			containerPortal = 5F405E581B4430E100D3176B /* Project object */;
			proxyType = 1;
			remoteGlobalIDString = 5F405E5F1B4430E100D3176B;
			remoteInfo = KYAsyncLoadBubbleDemo;
		};
/* End PBXContainerItemProxy section */

/* Begin PBXFileReference section */
		5F405E601B4430E100D3176B /* KYAsyncLoadBubbleDemo.app */ = {isa = PBXFileReference; explicitFileType = wrapper.application; includeInIndex = 0; path = KYAsyncLoadBubbleDemo.app; sourceTree = BUILT_PRODUCTS_DIR; };
		5F405E641B4430E100D3176B /* Info.plist */ = {isa = PBXFileReference; lastKnownFileType = text.plist.xml; path = Info.plist; sourceTree = "<group>"; };
		5F405E651B4430E100D3176B /* main.m */ = {isa = PBXFileReference; lastKnownFileType = sourcecode.c.objc; path = main.m; sourceTree = "<group>"; };
		5F405E671B4430E100D3176B /* AppDelegate.h */ = {isa = PBXFileReference; lastKnownFileType = sourcecode.c.h; path = AppDelegate.h; sourceTree = "<group>"; };
		5F405E681B4430E100D3176B /* AppDelegate.m */ = {isa = PBXFileReference; lastKnownFileType = sourcecode.c.objc; path = AppDelegate.m; sourceTree = "<group>"; };
		5F405E6A1B4430E100D3176B /* ViewController.h */ = {isa = PBXFileReference; lastKnownFileType = sourcecode.c.h; path = ViewController.h; sourceTree = "<group>"; };
		5F405E6B1B4430E100D3176B /* ViewController.m */ = {isa = PBXFileReference; lastKnownFileType = sourcecode.c.objc; path = ViewController.m; sourceTree = "<group>"; };
		5F405E6E1B4430E100D3176B /* Base */ = {isa = PBXFileReference; lastKnownFileType = file.storyboard; name = Base; path = Base.lproj/Main.storyboard; sourceTree = "<group>"; };
		5F405E701B4430E100D3176B /* Images.xcassets */ = {isa = PBXFileReference; lastKnownFileType = folder.assetcatalog; path = Images.xcassets; sourceTree = "<group>"; };
		5F405E731B4430E100D3176B /* Base */ = {isa = PBXFileReference; lastKnownFileType = file.xib; name = Base; path = Base.lproj/LaunchScreen.xib; sourceTree = "<group>"; };
		5F405E791B4430E100D3176B /* KYAsyncLoadBubbleDemoTests.xctest */ = {isa = PBXFileReference; explicitFileType = wrapper.cfbundle; includeInIndex = 0; path = KYAsyncLoadBubbleDemoTests.xctest; sourceTree = BUILT_PRODUCTS_DIR; };
		5F405E7E1B4430E100D3176B /* Info.plist */ = {isa = PBXFileReference; lastKnownFileType = text.plist.xml; path = Info.plist; sourceTree = "<group>"; };
		5F405E7F1B4430E100D3176B /* KYAsyncLoadBubbleDemoTests.m */ = {isa = PBXFileReference; lastKnownFileType = sourcecode.c.objc; path = KYAsyncLoadBubbleDemoTests.m; sourceTree = "<group>"; };
		5F405E891B44341300D3176B /* KYAsyncLoadBubble.h */ = {isa = PBXFileReference; fileEncoding = 4; lastKnownFileType = sourcecode.c.h; name = KYAsyncLoadBubble.h; path = ../../Classes/KYAsyncLoadBubble.h; sourceTree = "<group>"; };
		5F405E8A1B44341300D3176B /* KYAsyncLoadBubble.m */ = {isa = PBXFileReference; fileEncoding = 4; lastKnownFileType = sourcecode.c.objc; name = KYAsyncLoadBubble.m; path = ../../Classes/KYAsyncLoadBubble.m; sourceTree = "<group>"; };
		5FB8740F1B47EF74008A3940 /* WaveLayer.h */ = {isa = PBXFileReference; fileEncoding = 4; lastKnownFileType = sourcecode.c.h; name = WaveLayer.h; path = ../../Classes/WaveLayer.h; sourceTree = "<group>"; };
		5FB874101B47EF74008A3940 /* WaveLayer.m */ = {isa = PBXFileReference; fileEncoding = 4; lastKnownFileType = sourcecode.c.objc; name = WaveLayer.m; path = ../../Classes/WaveLayer.m; sourceTree = "<group>"; };
		5FB874161B480812008A3940 /* PulsingHaloLayer.h */ = {isa = PBXFileReference; fileEncoding = 4; lastKnownFileType = sourcecode.c.h; name = PulsingHaloLayer.h; path = ../../Classes/PulsingHaloLayer.h; sourceTree = "<group>"; };
		5FB874171B480812008A3940 /* PulsingHaloLayer.m */ = {isa = PBXFileReference; fileEncoding = 4; lastKnownFileType = sourcecode.c.objc; name = PulsingHaloLayer.m; path = ../../Classes/PulsingHaloLayer.m; sourceTree = "<group>"; };
		5FB8741A1B483B82008A3940 /* MultiplePulsingHaloLayer.h */ = {isa = PBXFileReference; fileEncoding = 4; lastKnownFileType = sourcecode.c.h; name = MultiplePulsingHaloLayer.h; path = ../../Classes/MultiplePulsingHaloLayer.h; sourceTree = "<group>"; };
		5FB8741B1B483B82008A3940 /* MultiplePulsingHaloLayer.m */ = {isa = PBXFileReference; fileEncoding = 4; lastKnownFileType = sourcecode.c.objc; name = MultiplePulsingHaloLayer.m; path = ../../Classes/MultiplePulsingHaloLayer.m; sourceTree = "<group>"; };
		5FB8741D1B48F7F1008A3940 /* MCFireworksView.h */ = {isa = PBXFileReference; fileEncoding = 4; lastKnownFileType = sourcecode.c.h; name = MCFireworksView.h; path = ../../Classes/MCFireworksView.h; sourceTree = "<group>"; };
		5FB8741E1B48F7F1008A3940 /* MCFireworksView.m */ = {isa = PBXFileReference; fileEncoding = 4; lastKnownFileType = sourcecode.c.objc; name = MCFireworksView.m; path = ../../Classes/MCFireworksView.m; sourceTree = "<group>"; };
		5FB874221B4921AB008A3940 /* KYBubbleInteractiveTransition.h */ = {isa = PBXFileReference; fileEncoding = 4; lastKnownFileType = sourcecode.c.h; path = KYBubbleInteractiveTransition.h; sourceTree = "<group>"; };
		5FB874231B4921AB008A3940 /* KYBubbleInteractiveTransition.m */ = {isa = PBXFileReference; fileEncoding = 4; lastKnownFileType = sourcecode.c.objc; path = KYBubbleInteractiveTransition.m; sourceTree = "<group>"; };
		5FB874241B4921AB008A3940 /* KYBubbleTransition.h */ = {isa = PBXFileReference; fileEncoding = 4; lastKnownFileType = sourcecode.c.h; path = KYBubbleTransition.h; sourceTree = "<group>"; };
		5FB874251B4921AB008A3940 /* KYBubbleTransition.m */ = {isa = PBXFileReference; fileEncoding = 4; lastKnownFileType = sourcecode.c.objc; path = KYBubbleTransition.m; sourceTree = "<group>"; };
		5FB874281B49279B008A3940 /* WebViewController.h */ = {isa = PBXFileReference; fileEncoding = 4; lastKnownFileType = sourcecode.c.h; path = WebViewController.h; sourceTree = "<group>"; };
		5FB874291B49279B008A3940 /* WebViewController.m */ = {isa = PBXFileReference; fileEncoding = 4; lastKnownFileType = sourcecode.c.objc; path = WebViewController.m; sourceTree = "<group>"; };
		A68C820F01D2EEEDB875D8A8 /* Pods-KYAsyncLoadBubbleDemo.debug.xcconfig */ = {isa = PBXFileReference; includeInIndex = 1; lastKnownFileType = text.xcconfig; name = "Pods-KYAsyncLoadBubbleDemo.debug.xcconfig"; path = "Pods/Target Support Files/Pods-KYAsyncLoadBubbleDemo/Pods-KYAsyncLoadBubbleDemo.debug.xcconfig"; sourceTree = "<group>"; };
		AF0021C84C2004B3DEE54991 /* libPods-KYAsyncLoadBubbleDemo.a */ = {isa = PBXFileReference; explicitFileType = archive.ar; includeInIndex = 0; path = "libPods-KYAsyncLoadBubbleDemo.a"; sourceTree = BUILT_PRODUCTS_DIR; };
		E35FCCFD0AE51713A09BB8FD /* Pods-KYAsyncLoadBubbleDemo.release.xcconfig */ = {isa = PBXFileReference; includeInIndex = 1; lastKnownFileType = text.xcconfig; name = "Pods-KYAsyncLoadBubbleDemo.release.xcconfig"; path = "Pods/Target Support Files/Pods-KYAsyncLoadBubbleDemo/Pods-KYAsyncLoadBubbleDemo.release.xcconfig"; sourceTree = "<group>"; };
/* End PBXFileReference section */

/* Begin PBXFrameworksBuildPhase section */
		5F405E5D1B4430E100D3176B /* Frameworks */ = {
			isa = PBXFrameworksBuildPhase;
			buildActionMask = 2147483647;
			files = (
				095A908FD009BF9EC6BAC7A9 /* libPods-KYAsyncLoadBubbleDemo.a in Frameworks */,
			);
			runOnlyForDeploymentPostprocessing = 0;
		};
		5F405E761B4430E100D3176B /* Frameworks */ = {
			isa = PBXFrameworksBuildPhase;
			buildActionMask = 2147483647;
			files = (
			);
			runOnlyForDeploymentPostprocessing = 0;
		};
/* End PBXFrameworksBuildPhase section */

/* Begin PBXGroup section */
		552AC2ACA005490E7DC481C7 /* Frameworks */ = {
			isa = PBXGroup;
			children = (
				AF0021C84C2004B3DEE54991 /* libPods-KYAsyncLoadBubbleDemo.a */,
			);
			name = Frameworks;
			sourceTree = "<group>";
		};
		5F405E571B4430E100D3176B = {
			isa = PBXGroup;
			children = (
				5F405E621B4430E100D3176B /* KYAsyncLoadBubbleDemo */,
				5F405E7C1B4430E100D3176B /* KYAsyncLoadBubbleDemoTests */,
				5F405E611B4430E100D3176B /* Products */,
				C5E8B8E6979DE8BC218EFD55 /* Pods */,
				552AC2ACA005490E7DC481C7 /* Frameworks */,
			);
			sourceTree = "<group>";
		};
		5F405E611B4430E100D3176B /* Products */ = {
			isa = PBXGroup;
			children = (
				5F405E601B4430E100D3176B /* KYAsyncLoadBubbleDemo.app */,
				5F405E791B4430E100D3176B /* KYAsyncLoadBubbleDemoTests.xctest */,
			);
			name = Products;
			sourceTree = "<group>";
		};
		5F405E621B4430E100D3176B /* KYAsyncLoadBubbleDemo */ = {
			isa = PBXGroup;
			children = (
				5F405E671B4430E100D3176B /* AppDelegate.h */,
				5F405E681B4430E100D3176B /* AppDelegate.m */,
				5F405E6A1B4430E100D3176B /* ViewController.h */,
				5F405E6B1B4430E100D3176B /* ViewController.m */,
				5FB874281B49279B008A3940 /* WebViewController.h */,
				5FB874291B49279B008A3940 /* WebViewController.m */,
				5F405E6D1B4430E100D3176B /* Main.storyboard */,
				5F405E8C1B44341C00D3176B /* KYAsyncLoadBubble */,
				5F405E701B4430E100D3176B /* Images.xcassets */,
				5F405E721B4430E100D3176B /* LaunchScreen.xib */,
				5F405E631B4430E100D3176B /* Supporting Files */,
			);
			path = KYAsyncLoadBubbleDemo;
			sourceTree = "<group>";
		};
		5F405E631B4430E100D3176B /* Supporting Files */ = {
			isa = PBXGroup;
			children = (
				5F405E641B4430E100D3176B /* Info.plist */,
				5F405E651B4430E100D3176B /* main.m */,
			);
			name = "Supporting Files";
			sourceTree = "<group>";
		};
		5F405E7C1B4430E100D3176B /* KYAsyncLoadBubbleDemoTests */ = {
			isa = PBXGroup;
			children = (
				5F405E7F1B4430E100D3176B /* KYAsyncLoadBubbleDemoTests.m */,
				5F405E7D1B4430E100D3176B /* Supporting Files */,
			);
			path = KYAsyncLoadBubbleDemoTests;
			sourceTree = "<group>";
		};
		5F405E7D1B4430E100D3176B /* Supporting Files */ = {
			isa = PBXGroup;
			children = (
				5F405E7E1B4430E100D3176B /* Info.plist */,
			);
			name = "Supporting Files";
			sourceTree = "<group>";
		};
		5F405E8C1B44341C00D3176B /* KYAsyncLoadBubble */ = {
			isa = PBXGroup;
			children = (
				5F405E891B44341300D3176B /* KYAsyncLoadBubble.h */,
				5F405E8A1B44341300D3176B /* KYAsyncLoadBubble.m */,
				5FB874211B4921AB008A3940 /* KYBubbleTransition */,
				5FB874191B48082A008A3940 /* PulseLayer */,
				5FB874121B47EF7B008A3940 /* WaveLayer */,
				5FB874201B48F7FC008A3940 /* FireworksView */,
			);
			name = KYAsyncLoadBubble;
			sourceTree = "<group>";
		};
		5FB874121B47EF7B008A3940 /* WaveLayer */ = {
			isa = PBXGroup;
			children = (
				5FB8740F1B47EF74008A3940 /* WaveLayer.h */,
				5FB874101B47EF74008A3940 /* WaveLayer.m */,
			);
			name = WaveLayer;
			sourceTree = "<group>";
		};
		5FB874191B48082A008A3940 /* PulseLayer */ = {
			isa = PBXGroup;
			children = (
				5FB8741A1B483B82008A3940 /* MultiplePulsingHaloLayer.h */,
				5FB8741B1B483B82008A3940 /* MultiplePulsingHaloLayer.m */,
				5FB874161B480812008A3940 /* PulsingHaloLayer.h */,
				5FB874171B480812008A3940 /* PulsingHaloLayer.m */,
			);
			name = PulseLayer;
			sourceTree = "<group>";
		};
		5FB874201B48F7FC008A3940 /* FireworksView */ = {
			isa = PBXGroup;
			children = (
				5FB8741D1B48F7F1008A3940 /* MCFireworksView.h */,
				5FB8741E1B48F7F1008A3940 /* MCFireworksView.m */,
			);
			name = FireworksView;
			sourceTree = "<group>";
		};
		5FB874211B4921AB008A3940 /* KYBubbleTransition */ = {
			isa = PBXGroup;
			children = (
				5FB874221B4921AB008A3940 /* KYBubbleInteractiveTransition.h */,
				5FB874231B4921AB008A3940 /* KYBubbleInteractiveTransition.m */,
				5FB874241B4921AB008A3940 /* KYBubbleTransition.h */,
				5FB874251B4921AB008A3940 /* KYBubbleTransition.m */,
			);
			name = KYBubbleTransition;
			path = ../../Classes/KYBubbleTransition;
			sourceTree = "<group>";
		};
		C5E8B8E6979DE8BC218EFD55 /* Pods */ = {
			isa = PBXGroup;
			children = (
				A68C820F01D2EEEDB875D8A8 /* Pods-KYAsyncLoadBubbleDemo.debug.xcconfig */,
				E35FCCFD0AE51713A09BB8FD /* Pods-KYAsyncLoadBubbleDemo.release.xcconfig */,
			);
			name = Pods;
			sourceTree = "<group>";
		};
/* End PBXGroup section */

/* Begin PBXNativeTarget section */
		5F405E5F1B4430E100D3176B /* KYAsyncLoadBubbleDemo */ = {
			isa = PBXNativeTarget;
			buildConfigurationList = 5F405E831B4430E100D3176B /* Build configuration list for PBXNativeTarget "KYAsyncLoadBubbleDemo" */;
			buildPhases = (
				CD76C124E51619FDBFC73C3D /* Check Pods Manifest.lock */,
				5F405E5C1B4430E100D3176B /* Sources */,
				5F405E5D1B4430E100D3176B /* Frameworks */,
				5F405E5E1B4430E100D3176B /* Resources */,
				2AA26EB165EE4BD324370778 /* Copy Pods Resources */,
			);
			buildRules = (
			);
			dependencies = (
			);
			name = KYAsyncLoadBubbleDemo;
			productName = KYAsyncLoadBubbleDemo;
			productReference = 5F405E601B4430E100D3176B /* KYAsyncLoadBubbleDemo.app */;
			productType = "com.apple.product-type.application";
		};
		5F405E781B4430E100D3176B /* KYAsyncLoadBubbleDemoTests */ = {
			isa = PBXNativeTarget;
			buildConfigurationList = 5F405E861B4430E100D3176B /* Build configuration list for PBXNativeTarget "KYAsyncLoadBubbleDemoTests" */;
			buildPhases = (
				5F405E751B4430E100D3176B /* Sources */,
				5F405E761B4430E100D3176B /* Frameworks */,
				5F405E771B4430E100D3176B /* Resources */,
			);
			buildRules = (
			);
			dependencies = (
				5F405E7B1B4430E100D3176B /* PBXTargetDependency */,
			);
			name = KYAsyncLoadBubbleDemoTests;
			productName = KYAsyncLoadBubbleDemoTests;
			productReference = 5F405E791B4430E100D3176B /* KYAsyncLoadBubbleDemoTests.xctest */;
			productType = "com.apple.product-type.bundle.unit-test";
		};
/* End PBXNativeTarget section */

/* Begin PBXProject section */
		5F405E581B4430E100D3176B /* Project object */ = {
			isa = PBXProject;
			attributes = {
				LastUpgradeCheck = 0630;
				ORGANIZATIONNAME = "Kitten Yang";
				TargetAttributes = {
					5F405E5F1B4430E100D3176B = {
						CreatedOnToolsVersion = 6.3;
					};
					5F405E781B4430E100D3176B = {
						CreatedOnToolsVersion = 6.3;
						TestTargetID = 5F405E5F1B4430E100D3176B;
					};
				};
			};
			buildConfigurationList = 5F405E5B1B4430E100D3176B /* Build configuration list for PBXProject "KYAsyncLoadBubbleDemo" */;
			compatibilityVersion = "Xcode 3.2";
			developmentRegion = English;
			hasScannedForEncodings = 0;
			knownRegions = (
				en,
				Base,
			);
			mainGroup = 5F405E571B4430E100D3176B;
			productRefGroup = 5F405E611B4430E100D3176B /* Products */;
			projectDirPath = "";
			projectRoot = "";
			targets = (
				5F405E5F1B4430E100D3176B /* KYAsyncLoadBubbleDemo */,
				5F405E781B4430E100D3176B /* KYAsyncLoadBubbleDemoTests */,
			);
		};
/* End PBXProject section */

/* Begin PBXResourcesBuildPhase section */
		5F405E5E1B4430E100D3176B /* Resources */ = {
			isa = PBXResourcesBuildPhase;
			buildActionMask = 2147483647;
			files = (
				5F405E6F1B4430E100D3176B /* Main.storyboard in Resources */,
				5F405E741B4430E100D3176B /* LaunchScreen.xib in Resources */,
				5F405E711B4430E100D3176B /* Images.xcassets in Resources */,
			);
			runOnlyForDeploymentPostprocessing = 0;
		};
		5F405E771B4430E100D3176B /* Resources */ = {
			isa = PBXResourcesBuildPhase;
			buildActionMask = 2147483647;
			files = (
			);
			runOnlyForDeploymentPostprocessing = 0;
		};
/* End PBXResourcesBuildPhase section */

/* Begin PBXShellScriptBuildPhase section */
		2AA26EB165EE4BD324370778 /* Copy Pods Resources */ = {
			isa = PBXShellScriptBuildPhase;
			buildActionMask = 2147483647;
			files = (
			);
			inputPaths = (
			);
			name = "Copy Pods Resources";
			outputPaths = (
			);
			runOnlyForDeploymentPostprocessing = 0;
			shellPath = /bin/sh;
			shellScript = "\"${SRCROOT}/Pods/Target Support Files/Pods-KYAsyncLoadBubbleDemo/Pods-KYAsyncLoadBubbleDemo-resources.sh\"\n";
			showEnvVarsInLog = 0;
		};
		CD76C124E51619FDBFC73C3D /* Check Pods Manifest.lock */ = {
			isa = PBXShellScriptBuildPhase;
			buildActionMask = 2147483647;
			files = (
			);
			inputPaths = (
			);
			name = "Check Pods Manifest.lock";
			outputPaths = (
			);
			runOnlyForDeploymentPostprocessing = 0;
			shellPath = /bin/sh;
			shellScript = "diff \"${PODS_ROOT}/../Podfile.lock\" \"${PODS_ROOT}/Manifest.lock\" > /dev/null\nif [[ $? != 0 ]] ; then\n    cat << EOM\nerror: The sandbox is not in sync with the Podfile.lock. Run 'pod install' or update your CocoaPods installation.\nEOM\n    exit 1\nfi\n";
			showEnvVarsInLog = 0;
		};
/* End PBXShellScriptBuildPhase section */

/* Begin PBXSourcesBuildPhase section */
		5F405E5C1B4430E100D3176B /* Sources */ = {
			isa = PBXSourcesBuildPhase;
			buildActionMask = 2147483647;
			files = (
				5F405E8B1B44341300D3176B /* KYAsyncLoadBubble.m in Sources */,
				5F405E6C1B4430E100D3176B /* ViewController.m in Sources */,
				5FB8742A1B49279B008A3940 /* WebViewController.m in Sources */,
				5F405E691B4430E100D3176B /* AppDelegate.m in Sources */,
				5FB8741F1B48F7F1008A3940 /* MCFireworksView.m in Sources */,
				5F405E661B4430E100D3176B /* main.m in Sources */,
				5FB8741C1B483B82008A3940 /* MultiplePulsingHaloLayer.m in Sources */,
				5FB874271B4921AB008A3940 /* KYBubbleTransition.m in Sources */,
				5FB874181B480812008A3940 /* PulsingHaloLayer.m in Sources */,
				5FB874111B47EF74008A3940 /* WaveLayer.m in Sources */,
				5FB874261B4921AB008A3940 /* KYBubbleInteractiveTransition.m in Sources */,
			);
			runOnlyForDeploymentPostprocessing = 0;
		};
		5F405E751B4430E100D3176B /* Sources */ = {
			isa = PBXSourcesBuildPhase;
			buildActionMask = 2147483647;
			files = (
				5F405E801B4430E100D3176B /* KYAsyncLoadBubbleDemoTests.m in Sources */,
			);
			runOnlyForDeploymentPostprocessing = 0;
		};
/* End PBXSourcesBuildPhase section */

/* Begin PBXTargetDependency section */
		5F405E7B1B4430E100D3176B /* PBXTargetDependency */ = {
			isa = PBXTargetDependency;
			target = 5F405E5F1B4430E100D3176B /* KYAsyncLoadBubbleDemo */;
			targetProxy = 5F405E7A1B4430E100D3176B /* PBXContainerItemProxy */;
		};
/* End PBXTargetDependency section */

/* Begin PBXVariantGroup section */
		5F405E6D1B4430E100D3176B /* Main.storyboard */ = {
			isa = PBXVariantGroup;
			children = (
				5F405E6E1B4430E100D3176B /* Base */,
			);
			name = Main.storyboard;
			sourceTree = "<group>";
		};
		5F405E721B4430E100D3176B /* LaunchScreen.xib */ = {
			isa = PBXVariantGroup;
			children = (
				5F405E731B4430E100D3176B /* Base */,
			);
			name = LaunchScreen.xib;
			sourceTree = "<group>";
		};
/* End PBXVariantGroup section */

/* Begin XCBuildConfiguration section */
		5F405E811B4430E100D3176B /* Debug */ = {
			isa = XCBuildConfiguration;
			buildSettings = {
				ALWAYS_SEARCH_USER_PATHS = NO;
				CLANG_CXX_LANGUAGE_STANDARD = "gnu++0x";
				CLANG_CXX_LIBRARY = "libc++";
				CLANG_ENABLE_MODULES = YES;
				CLANG_ENABLE_OBJC_ARC = YES;
				CLANG_WARN_BOOL_CONVERSION = YES;
				CLANG_WARN_CONSTANT_CONVERSION = YES;
				CLANG_WARN_DIRECT_OBJC_ISA_USAGE = YES_ERROR;
				CLANG_WARN_EMPTY_BODY = YES;
				CLANG_WARN_ENUM_CONVERSION = YES;
				CLANG_WARN_INT_CONVERSION = YES;
				CLANG_WARN_OBJC_ROOT_CLASS = YES_ERROR;
				CLANG_WARN_UNREACHABLE_CODE = YES;
				CLANG_WARN__DUPLICATE_METHOD_MATCH = YES;
				"CODE_SIGN_IDENTITY[sdk=iphoneos*]" = "iPhone Developer";
				COPY_PHASE_STRIP = NO;
				DEBUG_INFORMATION_FORMAT = "dwarf-with-dsym";
				ENABLE_STRICT_OBJC_MSGSEND = YES;
				GCC_C_LANGUAGE_STANDARD = gnu99;
				GCC_DYNAMIC_NO_PIC = NO;
				GCC_NO_COMMON_BLOCKS = YES;
				GCC_OPTIMIZATION_LEVEL = 0;
				GCC_PREPROCESSOR_DEFINITIONS = (
					"DEBUG=1",
					"$(inherited)",
				);
				GCC_SYMBOLS_PRIVATE_EXTERN = NO;
				GCC_WARN_64_TO_32_BIT_CONVERSION = YES;
				GCC_WARN_ABOUT_RETURN_TYPE = YES_ERROR;
				GCC_WARN_UNDECLARED_SELECTOR = YES;
				GCC_WARN_UNINITIALIZED_AUTOS = YES_AGGRESSIVE;
				GCC_WARN_UNUSED_FUNCTION = YES;
				GCC_WARN_UNUSED_VARIABLE = YES;
				IPHONEOS_DEPLOYMENT_TARGET = 8.3;
				MTL_ENABLE_DEBUG_INFO = YES;
				ONLY_ACTIVE_ARCH = YES;
				SDKROOT = iphoneos;
				TARGETED_DEVICE_FAMILY = "1,2";
			};
			name = Debug;
		};
		5F405E821B4430E100D3176B /* Release */ = {
			isa = XCBuildConfiguration;
			buildSettings = {
				ALWAYS_SEARCH_USER_PATHS = NO;
				CLANG_CXX_LANGUAGE_STANDARD = "gnu++0x";
				CLANG_CXX_LIBRARY = "libc++";
				CLANG_ENABLE_MODULES = YES;
				CLANG_ENABLE_OBJC_ARC = YES;
				CLANG_WARN_BOOL_CONVERSION = YES;
				CLANG_WARN_CONSTANT_CONVERSION = YES;
				CLANG_WARN_DIRECT_OBJC_ISA_USAGE = YES_ERROR;
				CLANG_WARN_EMPTY_BODY = YES;
				CLANG_WARN_ENUM_CONVERSION = YES;
				CLANG_WARN_INT_CONVERSION = YES;
				CLANG_WARN_OBJC_ROOT_CLASS = YES_ERROR;
				CLANG_WARN_UNREACHABLE_CODE = YES;
				CLANG_WARN__DUPLICATE_METHOD_MATCH = YES;
				"CODE_SIGN_IDENTITY[sdk=iphoneos*]" = "iPhone Developer";
				COPY_PHASE_STRIP = NO;
				DEBUG_INFORMATION_FORMAT = "dwarf-with-dsym";
				ENABLE_NS_ASSERTIONS = NO;
				ENABLE_STRICT_OBJC_MSGSEND = YES;
				GCC_C_LANGUAGE_STANDARD = gnu99;
				GCC_NO_COMMON_BLOCKS = YES;
				GCC_WARN_64_TO_32_BIT_CONVERSION = YES;
				GCC_WARN_ABOUT_RETURN_TYPE = YES_ERROR;
				GCC_WARN_UNDECLARED_SELECTOR = YES;
				GCC_WARN_UNINITIALIZED_AUTOS = YES_AGGRESSIVE;
				GCC_WARN_UNUSED_FUNCTION = YES;
				GCC_WARN_UNUSED_VARIABLE = YES;
				IPHONEOS_DEPLOYMENT_TARGET = 8.3;
				MTL_ENABLE_DEBUG_INFO = NO;
				SDKROOT = iphoneos;
				TARGETED_DEVICE_FAMILY = "1,2";
				VALIDATE_PRODUCT = YES;
			};
			name = Release;
		};
		5F405E841B4430E100D3176B /* Debug */ = {
			isa = XCBuildConfiguration;
			baseConfigurationReference = A68C820F01D2EEEDB875D8A8 /* Pods-KYAsyncLoadBubbleDemo.debug.xcconfig */;
			buildSettings = {
				ASSETCATALOG_COMPILER_APPICON_NAME = AppIcon;
				INFOPLIST_FILE = KYAsyncLoadBubbleDemo/Info.plist;
				IPHONEOS_DEPLOYMENT_TARGET = 7.0;
				LD_RUNPATH_SEARCH_PATHS = "$(inherited) @executable_path/Frameworks";
				PRODUCT_NAME = "$(TARGET_NAME)";
			};
			name = Debug;
		};
		5F405E851B4430E100D3176B /* Release */ = {
			isa = XCBuildConfiguration;
			baseConfigurationReference = E35FCCFD0AE51713A09BB8FD /* Pods-KYAsyncLoadBubbleDemo.release.xcconfig */;
			buildSettings = {
				ASSETCATALOG_COMPILER_APPICON_NAME = AppIcon;
				INFOPLIST_FILE = KYAsyncLoadBubbleDemo/Info.plist;
				IPHONEOS_DEPLOYMENT_TARGET = 7.0;
				LD_RUNPATH_SEARCH_PATHS = "$(inherited) @executable_path/Frameworks";
				PRODUCT_NAME = "$(TARGET_NAME)";
			};
			name = Release;
		};
		5F405E871B4430E100D3176B /* Debug */ = {
			isa = XCBuildConfiguration;
			buildSettings = {
				BUNDLE_LOADER = "$(TEST_HOST)";
				FRAMEWORK_SEARCH_PATHS = (
					"$(SDKROOT)/Developer/Library/Frameworks",
					"$(inherited)",
				);
				GCC_PREPROCESSOR_DEFINITIONS = (
					"DEBUG=1",
					"$(inherited)",
				);
				INFOPLIST_FILE = KYAsyncLoadBubbleDemoTests/Info.plist;
				LD_RUNPATH_SEARCH_PATHS = "$(inherited) @executable_path/Frameworks @loader_path/Frameworks";
				PRODUCT_NAME = "$(TARGET_NAME)";
				TEST_HOST = "$(BUILT_PRODUCTS_DIR)/KYAsyncLoadBubbleDemo.app/KYAsyncLoadBubbleDemo";
			};
			name = Debug;
		};
		5F405E881B4430E100D3176B /* Release */ = {
			isa = XCBuildConfiguration;
			buildSettings = {
				BUNDLE_LOADER = "$(TEST_HOST)";
				FRAMEWORK_SEARCH_PATHS = (
					"$(SDKROOT)/Developer/Library/Frameworks",
					"$(inherited)",
				);
				INFOPLIST_FILE = KYAsyncLoadBubbleDemoTests/Info.plist;
				LD_RUNPATH_SEARCH_PATHS = "$(inherited) @executable_path/Frameworks @loader_path/Frameworks";
				PRODUCT_NAME = "$(TARGET_NAME)";
				TEST_HOST = "$(BUILT_PRODUCTS_DIR)/KYAsyncLoadBubbleDemo.app/KYAsyncLoadBubbleDemo";
			};
			name = Release;
		};
/* End XCBuildConfiguration section */

/* Begin XCConfigurationList section */
		5F405E5B1B4430E100D3176B /* Build configuration list for PBXProject "KYAsyncLoadBubbleDemo" */ = {
			isa = XCConfigurationList;
			buildConfigurations = (
				5F405E811B4430E100D3176B /* Debug */,
				5F405E821B4430E100D3176B /* Release */,
			);
			defaultConfigurationIsVisible = 0;
			defaultConfigurationName = Release;
		};
		5F405E831B4430E100D3176B /* Build configuration list for PBXNativeTarget "KYAsyncLoadBubbleDemo" */ = {
			isa = XCConfigurationList;
			buildConfigurations = (
				5F405E841B4430E100D3176B /* Debug */,
				5F405E851B4430E100D3176B /* Release */,
			);
			defaultConfigurationIsVisible = 0;
			defaultConfigurationName = Release;
		};
		5F405E861B4430E100D3176B /* Build configuration list for PBXNativeTarget "KYAsyncLoadBubbleDemoTests" */ = {
			isa = XCConfigurationList;
			buildConfigurations = (
				5F405E871B4430E100D3176B /* Debug */,
				5F405E881B4430E100D3176B /* Release */,
			);
			defaultConfigurationIsVisible = 0;
			defaultConfigurationName = Release;
		};
/* End XCConfigurationList section */
	};
	rootObject = 5F405E581B4430E100D3176B /* Project object */;
}
